
Microsoft Visual Studio Solution File, Format Version 12.00
# Visual Studio 15
VisualStudioVersion = 15.0.27703.2035
MinimumVisualStudioVersion = 10.0.40219.1
Project("{9A19103F-16F7-4668-BE54-9A1E7A4F7556}") = "LittleJohnsHut.Library", "LittleJohnsHut.Library\LittleJohnsHut.Library.csproj", "{BAB777A8-666A-4DE0-828C-5A052639B33C}"
EndProject
Project("{FAE04EC0-301F-11D3-BF4B-00C04F79EFBC}") = "ConsoleApp", "ConsoleApp\ConsoleApp.csproj", "{998804D8-AACE-4085-8B02-E70F0D7D1A2E}"
EndProject
Global
	GlobalSection(SolutionConfigurationPlatforms) = preSolution
		Debug|Any CPU = Debug|Any CPU
		Release|Any CPU = Release|Any CPU
	EndGlobalSection
	GlobalSection(ProjectConfigurationPlatforms) = postSolution
		{BAB777A8-666A-4DE0-828C-5A052639B33C}.Debug|Any CPU.ActiveCfg = Debug|Any CPU
		{BAB777A8-666A-4DE0-828C-5A052639B33C}.Debug|Any CPU.Build.0 = Debug|Any CPU
		{BAB777A8-666A-4DE0-828C-5A052639B33C}.Release|Any CPU.ActiveCfg = Release|Any CPU
		{BAB777A8-666A-4DE0-828C-5A052639B33C}.Release|Any CPU.Build.0 = Release|Any CPU
		{998804D8-AACE-4085-8B02-E70F0D7D1A2E}.Debug|Any CPU.ActiveCfg = Debug|Any CPU
		{998804D8-AACE-4085-8B02-E70F0D7D1A2E}.Debug|Any CPU.Build.0 = Debug|Any CPU
		{998804D8-AACE-4085-8B02-E70F0D7D1A2E}.Release|Any CPU.ActiveCfg = Release|Any CPU
		{998804D8-AACE-4085-8B02-E70F0D7D1A2E}.Release|Any CPU.Build.0 = Release|Any CPU
	EndGlobalSection
	GlobalSection(SolutionProperties) = preSolution
		HideSolutionNode = FALSE
	EndGlobalSection
	GlobalSection(ExtensibilityGlobals) = postSolution
		SolutionGuid = {C964E563-D3A8-4B23-8525-CED3F2125E3C}
	EndGlobalSection
EndGlobal
