
Microsoft Visual Studio Solution File, Format Version 12.00
# Visual Studio 15
VisualStudioVersion = 15.0.27703.2035
MinimumVisualStudioVersion = 10.0.40219.1
Project("{FAE04EC0-301F-11D3-BF4B-00C04F79EFBC}") = "LittleJohnsHut.App", "LittleJonsHut.App\LittleJohnsHut.App.csproj", "{2B52F8F0-0C44-4E3D-8B08-08FE9BA7C9CF}"
EndProject
Project("{FAE04EC0-301F-11D3-BF4B-00C04F79EFBC}") = "LittleJohnsHut.Library", "LittleJohnsHut.Library\LittleJohnsHut.Library.csproj", "{B2B0D415-67DD-4C23-BD55-FCA37606E7EB}"
EndProject
Project("{FAE04EC0-301F-11D3-BF4B-00C04F79EFBC}") = "LittleJohnsHut.DBAccess", "LittleJohnsHut.DBAccess\LittleJohnsHut.DBAccess.csproj", "{C0D10A02-D606-4D8F-B05F-B318AD0AC31C}"
EndProject
Project("{FAE04EC0-301F-11D3-BF4B-00C04F79EFBC}") = "LittleJohnsHut.Test", "LittleJohnsHut.Test\LittleJohnsHut.Test.csproj", "{3D419F84-8503-4B83-BE2A-90BD9E4B5911}"
EndProject
Global
	GlobalSection(SolutionConfigurationPlatforms) = preSolution
		Debug|Any CPU = Debug|Any CPU
		Release|Any CPU = Release|Any CPU
	EndGlobalSection
	GlobalSection(ProjectConfigurationPlatforms) = postSolution
		{2B52F8F0-0C44-4E3D-8B08-08FE9BA7C9CF}.Debug|Any CPU.ActiveCfg = Debug|Any CPU
		{2B52F8F0-0C44-4E3D-8B08-08FE9BA7C9CF}.Debug|Any CPU.Build.0 = Debug|Any CPU
		{2B52F8F0-0C44-4E3D-8B08-08FE9BA7C9CF}.Release|Any CPU.ActiveCfg = Release|Any CPU
		{2B52F8F0-0C44-4E3D-8B08-08FE9BA7C9CF}.Release|Any CPU.Build.0 = Release|Any CPU
		{B2B0D415-67DD-4C23-BD55-FCA37606E7EB}.Debug|Any CPU.ActiveCfg = Debug|Any CPU
		{B2B0D415-67DD-4C23-BD55-FCA37606E7EB}.Debug|Any CPU.Build.0 = Debug|Any CPU
		{B2B0D415-67DD-4C23-BD55-FCA37606E7EB}.Release|Any CPU.ActiveCfg = Release|Any CPU
		{B2B0D415-67DD-4C23-BD55-FCA37606E7EB}.Release|Any CPU.Build.0 = Release|Any CPU
		{C0D10A02-D606-4D8F-B05F-B318AD0AC31C}.Debug|Any CPU.ActiveCfg = Debug|Any CPU
		{C0D10A02-D606-4D8F-B05F-B318AD0AC31C}.Debug|Any CPU.Build.0 = Debug|Any CPU
		{C0D10A02-D606-4D8F-B05F-B318AD0AC31C}.Release|Any CPU.ActiveCfg = Release|Any CPU
		{C0D10A02-D606-4D8F-B05F-B318AD0AC31C}.Release|Any CPU.Build.0 = Release|Any CPU
		{3D419F84-8503-4B83-BE2A-90BD9E4B5911}.Debug|Any CPU.ActiveCfg = Debug|Any CPU
		{3D419F84-8503-4B83-BE2A-90BD9E4B5911}.Debug|Any CPU.Build.0 = Debug|Any CPU
		{3D419F84-8503-4B83-BE2A-90BD9E4B5911}.Release|Any CPU.ActiveCfg = Release|Any CPU
		{3D419F84-8503-4B83-BE2A-90BD9E4B5911}.Release|Any CPU.Build.0 = Release|Any CPU
	EndGlobalSection
	GlobalSection(SolutionProperties) = preSolution
		HideSolutionNode = FALSE
	EndGlobalSection
	GlobalSection(ExtensibilityGlobals) = postSolution
		SolutionGuid = {D0461BF1-0AC7-4205-B929-771098BA4A1B}
	EndGlobalSection
EndGlobal
