
Microsoft Visual Studio Solution File, Format Version 12.00
# Visual Studio 15
VisualStudioVersion = 15.0.27703.2035
MinimumVisualStudioVersion = 10.0.40219.1
Project("{FAE04EC0-301F-11D3-BF4B-00C04F79EFBC}") = "LittleJohnsHutsPizzaPie", "LittleJohnsHutsPizzaPie\LittleJohnsHutsPizzaPie.csproj", "{F08B1F61-8893-45A7-A6DF-853F5FD2D2F9}"
EndProject
Project("{FAE04EC0-301F-11D3-BF4B-00C04F79EFBC}") = "TestingUnit", "TestingUnit\TestingUnit.csproj", "{EC8D14F3-3EA6-4780-AE20-2243868A36F6}"
EndProject
Project("{FAE04EC0-301F-11D3-BF4B-00C04F79EFBC}") = "LittleJohnsHutsPizzaPlace", "LittleJohnsHutsPizzaPlace\LittleJohnsHutsPizzaPlace.csproj", "{A60D5B32-370D-4D6C-B12B-25BBB0B2EBFF}"
EndProject
Global
	GlobalSection(SolutionConfigurationPlatforms) = preSolution
		Debug|Any CPU = Debug|Any CPU
		Release|Any CPU = Release|Any CPU
	EndGlobalSection
	GlobalSection(ProjectConfigurationPlatforms) = postSolution
		{F08B1F61-8893-45A7-A6DF-853F5FD2D2F9}.Debug|Any CPU.ActiveCfg = Debug|Any CPU
		{F08B1F61-8893-45A7-A6DF-853F5FD2D2F9}.Debug|Any CPU.Build.0 = Debug|Any CPU
		{F08B1F61-8893-45A7-A6DF-853F5FD2D2F9}.Release|Any CPU.ActiveCfg = Release|Any CPU
		{F08B1F61-8893-45A7-A6DF-853F5FD2D2F9}.Release|Any CPU.Build.0 = Release|Any CPU
		{EC8D14F3-3EA6-4780-AE20-2243868A36F6}.Debug|Any CPU.ActiveCfg = Debug|Any CPU
		{EC8D14F3-3EA6-4780-AE20-2243868A36F6}.Debug|Any CPU.Build.0 = Debug|Any CPU
		{EC8D14F3-3EA6-4780-AE20-2243868A36F6}.Release|Any CPU.ActiveCfg = Release|Any CPU
		{EC8D14F3-3EA6-4780-AE20-2243868A36F6}.Release|Any CPU.Build.0 = Release|Any CPU
		{A60D5B32-370D-4D6C-B12B-25BBB0B2EBFF}.Debug|Any CPU.ActiveCfg = Debug|Any CPU
		{A60D5B32-370D-4D6C-B12B-25BBB0B2EBFF}.Debug|Any CPU.Build.0 = Debug|Any CPU
		{A60D5B32-370D-4D6C-B12B-25BBB0B2EBFF}.Release|Any CPU.ActiveCfg = Release|Any CPU
		{A60D5B32-370D-4D6C-B12B-25BBB0B2EBFF}.Release|Any CPU.Build.0 = Release|Any CPU
	EndGlobalSection
	GlobalSection(SolutionProperties) = preSolution
		HideSolutionNode = FALSE
	EndGlobalSection
	GlobalSection(ExtensibilityGlobals) = postSolution
		SolutionGuid = {4E117483-BD12-452C-AA60-347951859C10}
	EndGlobalSection
EndGlobal
